
Microsoft Visual Studio Solution File, Format Version 11.00
# Visual Studio 2010
Project("{8BC9CEB8-8B4A-11D0-8D11-00A0C91BC942}") = "123", "123\123.vcxproj", "{27D0E2F9-56E8-4C21-8EAE-EC0E3C9939E3}"
EndProject
Project("{8BC9CEB8-8B4A-11D0-8D11-00A0C91BC942}") = "HelloWorld", "HelloWorld\HelloWorld.vcxproj", "{737EAC4A-AEC6-4B9F-A203-17E98C0A6C4D}"
EndProject
Global
	GlobalSection(SolutionConfigurationPlatforms) = preSolution
		Debug|Win32 = Debug|Win32
		Release|Win32 = Release|Win32
	EndGlobalSection
	GlobalSection(ProjectConfigurationPlatforms) = postSolution
		{27D0E2F9-56E8-4C21-8EAE-EC0E3C9939E3}.Debug|Win32.ActiveCfg = Debug|Win32
		{27D0E2F9-56E8-4C21-8EAE-EC0E3C9939E3}.Debug|Win32.Build.0 = Debug|Win32
		{27D0E2F9-56E8-4C21-8EAE-EC0E3C9939E3}.Release|Win32.ActiveCfg = Release|Win32
		{27D0E2F9-56E8-4C21-8EAE-EC0E3C9939E3}.Release|Win32.Build.0 = Release|Win32
		{737EAC4A-AEC6-4B9F-A203-17E98C0A6C4D}.Debug|Win32.ActiveCfg = Debug|Win32
		{737EAC4A-AEC6-4B9F-A203-17E98C0A6C4D}.Debug|Win32.Build.0 = Debug|Win32
		{737EAC4A-AEC6-4B9F-A203-17E98C0A6C4D}.Release|Win32.ActiveCfg = Release|Win32
		{737EAC4A-AEC6-4B9F-A203-17E98C0A6C4D}.Release|Win32.Build.0 = Release|Win32
	EndGlobalSection
	GlobalSection(SolutionProperties) = preSolution
		HideSolutionNode = FALSE
	EndGlobalSection
EndGlobal
