
Microsoft Visual Studio Solution File, Format Version 12.00
# Visual Studio 15
VisualStudioVersion = 15.0.35116.124
MinimumVisualStudioVersion = 10.0.40219.1
Project("{8BC9CEB8-8B4A-11D0-8D11-00A0C91BC942}") = "STL1", "STL1\STL1.vcxproj", "{2ED32951-5919-44CC-B850-D8C0FA0A675A}"
EndProject
Global
	GlobalSection(SolutionConfigurationPlatforms) = preSolution
		Debug|x64 = Debug|x64
		Debug|x86 = Debug|x86
		Release|x64 = Release|x64
		Release|x86 = Release|x86
	EndGlobalSection
	GlobalSection(ProjectConfigurationPlatforms) = postSolution
		{2ED32951-5919-44CC-B850-D8C0FA0A675A}.Debug|x64.ActiveCfg = Debug|x64
		{2ED32951-5919-44CC-B850-D8C0FA0A675A}.Debug|x64.Build.0 = Debug|x64
		{2ED32951-5919-44CC-B850-D8C0FA0A675A}.Debug|x86.ActiveCfg = Debug|Win32
		{2ED32951-5919-44CC-B850-D8C0FA0A675A}.Debug|x86.Build.0 = Debug|Win32
		{2ED32951-5919-44CC-B850-D8C0FA0A675A}.Release|x64.ActiveCfg = Release|x64
		{2ED32951-5919-44CC-B850-D8C0FA0A675A}.Release|x64.Build.0 = Release|x64
		{2ED32951-5919-44CC-B850-D8C0FA0A675A}.Release|x86.ActiveCfg = Release|Win32
		{2ED32951-5919-44CC-B850-D8C0FA0A675A}.Release|x86.Build.0 = Release|Win32
	EndGlobalSection
	GlobalSection(SolutionProperties) = preSolution
		HideSolutionNode = FALSE
	EndGlobalSection
	GlobalSection(ExtensibilityGlobals) = postSolution
		SolutionGuid = {E9BE2E87-4632-49D1-8C0D-EDC16708581A}
	EndGlobalSection
EndGlobal
